
Microsoft Visual Studio Solution File, Format Version 12.00
Project("{FAE04EC0-301F-11D3-BF4B-00C04F79EFBC}") = "NoteManager", "NoteManager\NoteManager.csproj", "{B93CC5F9-89AF-4E08-AAA3-7281B88E94DD}"
EndProject
Project("{FAE04EC0-301F-11D3-BF4B-00C04F79EFBC}") = "NoteManagerServices", "NoteManagerServices\NoteManagerServices.csproj", "{6C51DCE5-13A2-4C7F-89E1-C007C2215416}"
EndProject
Project("{FAE04EC0-301F-11D3-BF4B-00C04F79EFBC}") = "ServicesValidator", "ServicesValidator\ServicesValidator.csproj", "{E7D0AC6E-5968-4F51-8016-7A4E5F691004}"
EndProject
Global
	GlobalSection(SolutionConfigurationPlatforms) = preSolution
		Debug|Any CPU = Debug|Any CPU
		Release|Any CPU = Release|Any CPU
	EndGlobalSection
	GlobalSection(ProjectConfigurationPlatforms) = postSolution
		{B93CC5F9-89AF-4E08-AAA3-7281B88E94DD}.Debug|Any CPU.ActiveCfg = Debug|Any CPU
		{B93CC5F9-89AF-4E08-AAA3-7281B88E94DD}.Debug|Any CPU.Build.0 = Debug|Any CPU
		{B93CC5F9-89AF-4E08-AAA3-7281B88E94DD}.Release|Any CPU.ActiveCfg = Release|Any CPU
		{B93CC5F9-89AF-4E08-AAA3-7281B88E94DD}.Release|Any CPU.Build.0 = Release|Any CPU
		{6C51DCE5-13A2-4C7F-89E1-C007C2215416}.Debug|Any CPU.ActiveCfg = Debug|Any CPU
		{6C51DCE5-13A2-4C7F-89E1-C007C2215416}.Debug|Any CPU.Build.0 = Debug|Any CPU
		{6C51DCE5-13A2-4C7F-89E1-C007C2215416}.Release|Any CPU.ActiveCfg = Release|Any CPU
		{6C51DCE5-13A2-4C7F-89E1-C007C2215416}.Release|Any CPU.Build.0 = Release|Any CPU
		{E7D0AC6E-5968-4F51-8016-7A4E5F691004}.Debug|Any CPU.ActiveCfg = Debug|Any CPU
		{E7D0AC6E-5968-4F51-8016-7A4E5F691004}.Debug|Any CPU.Build.0 = Debug|Any CPU
		{E7D0AC6E-5968-4F51-8016-7A4E5F691004}.Release|Any CPU.ActiveCfg = Release|Any CPU
		{E7D0AC6E-5968-4F51-8016-7A4E5F691004}.Release|Any CPU.Build.0 = Release|Any CPU
	EndGlobalSection
EndGlobal
